
Microsoft Visual Studio Solution File, Format Version 12.00
# Visual Studio Version 17
VisualStudioVersion = 17.7.34221.43
MinimumVisualStudioVersion = 10.0.40219.1
Project("{FAE04EC0-301F-11D3-BF4B-00C04F79EFBC}") = "ISA_MiniTrojan", "ISA_MiniTrojan\ISA_MiniTrojan.csproj", "{DB745EF3-F7BA-4E76-A218-720526C46590}"
EndProject
Project("{FAE04EC0-301F-11D3-BF4B-00C04F79EFBC}") = "ClassLibrary", "ClassLibrary\ClassLibrary.csproj", "{3B89705A-8471-44BB-B79A-309518CF6BF4}"
EndProject
Global
	GlobalSection(SolutionConfigurationPlatforms) = preSolution
		Debug|Any CPU = Debug|Any CPU
		Release|Any CPU = Release|Any CPU
	EndGlobalSection
	GlobalSection(ProjectConfigurationPlatforms) = postSolution
		{DB745EF3-F7BA-4E76-A218-720526C46590}.Debug|Any CPU.ActiveCfg = Debug|Any CPU
		{DB745EF3-F7BA-4E76-A218-720526C46590}.Debug|Any CPU.Build.0 = Debug|Any CPU
		{DB745EF3-F7BA-4E76-A218-720526C46590}.Release|Any CPU.ActiveCfg = Release|Any CPU
		{DB745EF3-F7BA-4E76-A218-720526C46590}.Release|Any CPU.Build.0 = Release|Any CPU
		{3B89705A-8471-44BB-B79A-309518CF6BF4}.Debug|Any CPU.ActiveCfg = Debug|Any CPU
		{3B89705A-8471-44BB-B79A-309518CF6BF4}.Debug|Any CPU.Build.0 = Debug|Any CPU
		{3B89705A-8471-44BB-B79A-309518CF6BF4}.Release|Any CPU.ActiveCfg = Release|Any CPU
		{3B89705A-8471-44BB-B79A-309518CF6BF4}.Release|Any CPU.Build.0 = Release|Any CPU
	EndGlobalSection
	GlobalSection(SolutionProperties) = preSolution
		HideSolutionNode = FALSE
	EndGlobalSection
	GlobalSection(ExtensibilityGlobals) = postSolution
		SolutionGuid = {325D9BAB-A4E4-4BD4-BCF0-88E1C5146721}
	EndGlobalSection
EndGlobal
